
Microsoft Visual Studio Solution File, Format Version 12.00
# Visual Studio 15
VisualStudioVersion = 15.0.28307.1778
MinimumVisualStudioVersion = 10.0.40219.1
Project("{FAE04EC0-301F-11D3-BF4B-00C04F79EFBC}") = "YoutubeÖrnekTcSorgusu3", "YoutubeÖrnekTcSorgusu3\YoutubeÖrnekTcSorgusu3.csproj", "{D4879555-FF88-4968-8C0E-8A0FB7A8BDEA}"
EndProject
Global
	GlobalSection(SolutionConfigurationPlatforms) = preSolution
		Debug|Any CPU = Debug|Any CPU
		Release|Any CPU = Release|Any CPU
	EndGlobalSection
	GlobalSection(ProjectConfigurationPlatforms) = postSolution
		{D4879555-FF88-4968-8C0E-8A0FB7A8BDEA}.Debug|Any CPU.ActiveCfg = Debug|Any CPU
		{D4879555-FF88-4968-8C0E-8A0FB7A8BDEA}.Debug|Any CPU.Build.0 = Debug|Any CPU
		{D4879555-FF88-4968-8C0E-8A0FB7A8BDEA}.Release|Any CPU.ActiveCfg = Release|Any CPU
		{D4879555-FF88-4968-8C0E-8A0FB7A8BDEA}.Release|Any CPU.Build.0 = Release|Any CPU
	EndGlobalSection
	GlobalSection(SolutionProperties) = preSolution
		HideSolutionNode = FALSE
	EndGlobalSection
	GlobalSection(ExtensibilityGlobals) = postSolution
		SolutionGuid = {3B68DEC3-1210-45B3-AEAE-FB94FD06E014}
	EndGlobalSection
EndGlobal
